
Microsoft Visual Studio Solution File, Format Version 12.00
# Visual Studio 15
VisualStudioVersion = 15.0.28307.705
MinimumVisualStudioVersion = 10.0.40219.1
Project("{FAE04EC0-301F-11D3-BF4B-00C04F79EFBC}") = "QR", "QR\QR.csproj", "{DDC3542F-1E63-4911-9861-C4BB728EBFF2}"
EndProject
Project("{FAE04EC0-301F-11D3-BF4B-00C04F79EFBC}") = "QR.Core", "QR.Core\QR.Core.csproj", "{2586EC05-4541-43E4-B697-5448384E556A}"
EndProject
Global
	GlobalSection(SolutionConfigurationPlatforms) = preSolution
		Debug|Any CPU = Debug|Any CPU
		Release|Any CPU = Release|Any CPU
	EndGlobalSection
	GlobalSection(ProjectConfigurationPlatforms) = postSolution
		{DDC3542F-1E63-4911-9861-C4BB728EBFF2}.Debug|Any CPU.ActiveCfg = Debug|Any CPU
		{DDC3542F-1E63-4911-9861-C4BB728EBFF2}.Debug|Any CPU.Build.0 = Debug|Any CPU
		{DDC3542F-1E63-4911-9861-C4BB728EBFF2}.Release|Any CPU.ActiveCfg = Release|Any CPU
		{DDC3542F-1E63-4911-9861-C4BB728EBFF2}.Release|Any CPU.Build.0 = Release|Any CPU
		{2586EC05-4541-43E4-B697-5448384E556A}.Debug|Any CPU.ActiveCfg = Debug|Any CPU
		{2586EC05-4541-43E4-B697-5448384E556A}.Debug|Any CPU.Build.0 = Debug|Any CPU
		{2586EC05-4541-43E4-B697-5448384E556A}.Release|Any CPU.ActiveCfg = Release|Any CPU
		{2586EC05-4541-43E4-B697-5448384E556A}.Release|Any CPU.Build.0 = Release|Any CPU
	EndGlobalSection
	GlobalSection(SolutionProperties) = preSolution
		HideSolutionNode = FALSE
	EndGlobalSection
	GlobalSection(ExtensibilityGlobals) = postSolution
		SolutionGuid = {1DC3F875-2B75-494E-8C92-B9AC5386EEDE}
	EndGlobalSection
EndGlobal
